// !$*UTF8*$!
{
	archiveVersion = 1;
	classes = {
	};
	objectVersion = 55;
	objects = {

/* Begin PBXBuildFile section */
		D806A2AA27DB02FC00BD0BA2 /* UberClone_Map_App.swift in Sources */ = {isa = PBXBuildFile; fileRef = D806A2A927DB02FC00BD0BA2 /* UberClone_Map_App.swift */; };
		D806A2AC27DB02FC00BD0BA2 /* ContentView.swift in Sources */ = {isa = PBXBuildFile; fileRef = D806A2AB27DB02FC00BD0BA2 /* ContentView.swift */; };
		D806A2AE27DB02FE00BD0BA2 /* Assets.xcassets in Resources */ = {isa = PBXBuildFile; fileRef = D806A2AD27DB02FE00BD0BA2 /* Assets.xcassets */; };
		D806A2B127DB02FE00BD0BA2 /* Preview Assets.xcassets in Resources */ = {isa = PBXBuildFile; fileRef = D806A2B027DB02FE00BD0BA2 /* Preview Assets.xcassets */; };
		D806A2B827DB033300BD0BA2 /* HomeScreen.swift in Sources */ = {isa = PBXBuildFile; fileRef = D806A2B727DB033300BD0BA2 /* HomeScreen.swift */; };
		D806A2BA27DB037900BD0BA2 /* Indicator.swift in Sources */ = {isa = PBXBuildFile; fileRef = D806A2B927DB037900BD0BA2 /* Indicator.swift */; };
		D806A2BC27DB039400BD0BA2 /* MapView.swift in Sources */ = {isa = PBXBuildFile; fileRef = D806A2BB27DB039400BD0BA2 /* MapView.swift */; };
		D806A2BE27DB03DB00BD0BA2 /* SearchBarView.swift in Sources */ = {isa = PBXBuildFile; fileRef = D806A2BD27DB03DB00BD0BA2 /* SearchBarView.swift */; };
/* End PBXBuildFile section */

/* Begin PBXFileReference section */
		D806A2A627DB02FC00BD0BA2 /* UberClone(Map).app */ = {isa = PBXFileReference; explicitFileType = wrapper.application; includeInIndex = 0; path = "UberClone(Map).app"; sourceTree = BUILT_PRODUCTS_DIR; };
		D806A2A927DB02FC00BD0BA2 /* UberClone_Map_App.swift */ = {isa = PBXFileReference; lastKnownFileType = sourcecode.swift; path = UberClone_Map_App.swift; sourceTree = "<group>"; };
		D806A2AB27DB02FC00BD0BA2 /* ContentView.swift */ = {isa = PBXFileReference; lastKnownFileType = sourcecode.swift; path = ContentView.swift; sourceTree = "<group>"; };
		D806A2AD27DB02FE00BD0BA2 /* Assets.xcassets */ = {isa = PBXFileReference; lastKnownFileType = folder.assetcatalog; path = Assets.xcassets; sourceTree = "<group>"; };
		D806A2B027DB02FE00BD0BA2 /* Preview Assets.xcassets */ = {isa = PBXFileReference; lastKnownFileType = folder.assetcatalog; path = "Preview Assets.xcassets"; sourceTree = "<group>"; };
		D806A2B727DB033300BD0BA2 /* HomeScreen.swift */ = {isa = PBXFileReference; lastKnownFileType = sourcecode.swift; path = HomeScreen.swift; sourceTree = "<group>"; };
		D806A2B927DB037900BD0BA2 /* Indicator.swift */ = {isa = PBXFileReference; lastKnownFileType = sourcecode.swift; path = Indicator.swift; sourceTree = "<group>"; };
		D806A2BB27DB039400BD0BA2 /* MapView.swift */ = {isa = PBXFileReference; lastKnownFileType = sourcecode.swift; path = MapView.swift; sourceTree = "<group>"; };
		D806A2BD27DB03DB00BD0BA2 /* SearchBarView.swift */ = {isa = PBXFileReference; lastKnownFileType = sourcecode.swift; path = SearchBarView.swift; sourceTree = "<group>"; };
/* End PBXFileReference section */

/* Begin PBXFrameworksBuildPhase section */
		D806A2A327DB02FC00BD0BA2 /* Frameworks */ = {
			isa = PBXFrameworksBuildPhase;
			buildActionMask = 2147483647;
			files = (
			);
			runOnlyForDeploymentPostprocessing = 0;
		};
/* End PBXFrameworksBuildPhase section */

/* Begin PBXGroup section */
		D806A29D27DB02FC00BD0BA2 = {
			isa = PBXGroup;
			children = (
				D806A2A827DB02FC00BD0BA2 /* UberClone(Map) */,
				D806A2A727DB02FC00BD0BA2 /* Products */,
			);
			sourceTree = "<group>";
		};
		D806A2A727DB02FC00BD0BA2 /* Products */ = {
			isa = PBXGroup;
			children = (
				D806A2A627DB02FC00BD0BA2 /* UberClone(Map).app */,
			);
			name = Products;
			sourceTree = "<group>";
		};
		D806A2A827DB02FC00BD0BA2 /* UberClone(Map) */ = {
			isa = PBXGroup;
			children = (
				D806A2BF27DB063D00BD0BA2 /* Screens */,
				D806A2A927DB02FC00BD0BA2 /* UberClone_Map_App.swift */,
				D806A2AB27DB02FC00BD0BA2 /* ContentView.swift */,
				D806A2AD27DB02FE00BD0BA2 /* Assets.xcassets */,
				D806A2AF27DB02FE00BD0BA2 /* Preview Content */,
			);
			path = "UberClone(Map)";
			sourceTree = "<group>";
		};
		D806A2AF27DB02FE00BD0BA2 /* Preview Content */ = {
			isa = PBXGroup;
			children = (
				D806A2B027DB02FE00BD0BA2 /* Preview Assets.xcassets */,
			);
			path = "Preview Content";
			sourceTree = "<group>";
		};
		D806A2BF27DB063D00BD0BA2 /* Screens */ = {
			isa = PBXGroup;
			children = (
				D806A2B727DB033300BD0BA2 /* HomeScreen.swift */,
				D806A2B927DB037900BD0BA2 /* Indicator.swift */,
				D806A2BB27DB039400BD0BA2 /* MapView.swift */,
				D806A2BD27DB03DB00BD0BA2 /* SearchBarView.swift */,
			);
			path = Screens;
			sourceTree = "<group>";
		};
/* End PBXGroup section */

/* Begin PBXNativeTarget section */
		D806A2A527DB02FC00BD0BA2 /* UberClone(Map) */ = {
			isa = PBXNativeTarget;
			buildConfigurationList = D806A2B427DB02FE00BD0BA2 /* Build configuration list for PBXNativeTarget "UberClone(Map)" */;
			buildPhases = (
				D806A2A227DB02FC00BD0BA2 /* Sources */,
				D806A2A327DB02FC00BD0BA2 /* Frameworks */,
				D806A2A427DB02FC00BD0BA2 /* Resources */,
			);
			buildRules = (
			);
			dependencies = (
			);
			name = "UberClone(Map)";
			productName = "UberClone(Map)";
			productReference = D806A2A627DB02FC00BD0BA2 /* UberClone(Map).app */;
			productType = "com.apple.product-type.application";
		};
/* End PBXNativeTarget section */

/* Begin PBXProject section */
		D806A29E27DB02FC00BD0BA2 /* Project object */ = {
			isa = PBXProject;
			attributes = {
				BuildIndependentTargetsInParallel = 1;
				LastSwiftUpdateCheck = 1300;
				LastUpgradeCheck = 1300;
				TargetAttributes = {
					D806A2A527DB02FC00BD0BA2 = {
						CreatedOnToolsVersion = 13.0;
					};
				};
			};
			buildConfigurationList = D806A2A127DB02FC00BD0BA2 /* Build configuration list for PBXProject "UberClone(Map)" */;
			compatibilityVersion = "Xcode 13.0";
			developmentRegion = en;
			hasScannedForEncodings = 0;
			knownRegions = (
				en,
				Base,
			);
			mainGroup = D806A29D27DB02FC00BD0BA2;
			productRefGroup = D806A2A727DB02FC00BD0BA2 /* Products */;
			projectDirPath = "";
			projectRoot = "";
			targets = (
				D806A2A527DB02FC00BD0BA2 /* UberClone(Map) */,
			);
		};
/* End PBXProject section */

/* Begin PBXResourcesBuildPhase section */
		D806A2A427DB02FC00BD0BA2 /* Resources */ = {
			isa = PBXResourcesBuildPhase;
			buildActionMask = 2147483647;
			files = (
				D806A2B127DB02FE00BD0BA2 /* Preview Assets.xcassets in Resources */,
				D806A2AE27DB02FE00BD0BA2 /* Assets.xcassets in Resources */,
			);
			runOnlyForDeploymentPostprocessing = 0;
		};
/* End PBXResourcesBuildPhase section */

/* Begin PBXSourcesBuildPhase section */
		D806A2A227DB02FC00BD0BA2 /* Sources */ = {
			isa = PBXSourcesBuildPhase;
			buildActionMask = 2147483647;
			files = (
				D806A2AC27DB02FC00BD0BA2 /* ContentView.swift in Sources */,
				D806A2AA27DB02FC00BD0BA2 /* UberClone_Map_App.swift in Sources */,
				D806A2BC27DB039400BD0BA2 /* MapView.swift in Sources */,
				D806A2B827DB033300BD0BA2 /* HomeScreen.swift in Sources */,
				D806A2BE27DB03DB00BD0BA2 /* SearchBarView.swift in Sources */,
				D806A2BA27DB037900BD0BA2 /* Indicator.swift in Sources */,
			);
			runOnlyForDeploymentPostprocessing = 0;
		};
/* End PBXSourcesBuildPhase section */

/* Begin XCBuildConfiguration section */
		D806A2B227DB02FE00BD0BA2 /* Debug */ = {
			isa = XCBuildConfiguration;
			buildSettings = {
				ALWAYS_SEARCH_USER_PATHS = NO;
				CLANG_ANALYZER_NONNULL = YES;
				CLANG_ANALYZER_NUMBER_OBJECT_CONVERSION = YES_AGGRESSIVE;
				CLANG_CXX_LANGUAGE_STANDARD = "gnu++17";
				CLANG_CXX_LIBRARY = "libc++";
				CLANG_ENABLE_MODULES = YES;
				CLANG_ENABLE_OBJC_ARC = YES;
				CLANG_ENABLE_OBJC_WEAK = YES;
				CLANG_WARN_BLOCK_CAPTURE_AUTORELEASING = YES;
				CLANG_WARN_BOOL_CONVERSION = YES;
				CLANG_WARN_COMMA = YES;
				CLANG_WARN_CONSTANT_CONVERSION = YES;
				CLANG_WARN_DEPRECATED_OBJC_IMPLEMENTATIONS = YES;
				CLANG_WARN_DIRECT_OBJC_ISA_USAGE = YES_ERROR;
				CLANG_WARN_DOCUMENTATION_COMMENTS = YES;
				CLANG_WARN_EMPTY_BODY = YES;
				CLANG_WARN_ENUM_CONVERSION = YES;
				CLANG_WARN_INFINITE_RECURSION = YES;
				CLANG_WARN_INT_CONVERSION = YES;
				CLANG_WARN_NON_LITERAL_NULL_CONVERSION = YES;
				CLANG_WARN_OBJC_IMPLICIT_RETAIN_SELF = YES;
				CLANG_WARN_OBJC_LITERAL_CONVERSION = YES;
				CLANG_WARN_OBJC_ROOT_CLASS = YES_ERROR;
				CLANG_WARN_QUOTED_INCLUDE_IN_FRAMEWORK_HEADER = YES;
				CLANG_WARN_RANGE_LOOP_ANALYSIS = YES;
				CLANG_WARN_STRICT_PROTOTYPES = YES;
				CLANG_WARN_SUSPICIOUS_MOVE = YES;
				CLANG_WARN_UNGUARDED_AVAILABILITY = YES_AGGRESSIVE;
				CLANG_WARN_UNREACHABLE_CODE = YES;
				CLANG_WARN__DUPLICATE_METHOD_MATCH = YES;
				COPY_PHASE_STRIP = NO;
				DEBUG_INFORMATION_FORMAT = dwarf;
				ENABLE_STRICT_OBJC_MSGSEND = YES;
				ENABLE_TESTABILITY = YES;
				GCC_C_LANGUAGE_STANDARD = gnu11;
				GCC_DYNAMIC_NO_PIC = NO;
				GCC_NO_COMMON_BLOCKS = YES;
				GCC_OPTIMIZATION_LEVEL = 0;
				GCC_PREPROCESSOR_DEFINITIONS = (
					"DEBUG=1",
					"$(inherited)",
				);
				GCC_WARN_64_TO_32_BIT_CONVERSION = YES;
				GCC_WARN_ABOUT_RETURN_TYPE = YES_ERROR;
				GCC_WARN_UNDECLARED_SELECTOR = YES;
				GCC_WARN_UNINITIALIZED_AUTOS = YES_AGGRESSIVE;
				GCC_WARN_UNUSED_FUNCTION = YES;
				GCC_WARN_UNUSED_VARIABLE = YES;
				IPHONEOS_DEPLOYMENT_TARGET = 15.0;
				MTL_ENABLE_DEBUG_INFO = INCLUDE_SOURCE;
				MTL_FAST_MATH = YES;
				ONLY_ACTIVE_ARCH = YES;
				SDKROOT = iphoneos;
				SWIFT_ACTIVE_COMPILATION_CONDITIONS = DEBUG;
				SWIFT_OPTIMIZATION_LEVEL = "-Onone";
			};
			name = Debug;
		};
		D806A2B327DB02FE00BD0BA2 /* Release */ = {
			isa = XCBuildConfiguration;
			buildSettings = {
				ALWAYS_SEARCH_USER_PATHS = NO;
				CLANG_ANALYZER_NONNULL = YES;
				CLANG_ANALYZER_NUMBER_OBJECT_CONVERSION = YES_AGGRESSIVE;
				CLANG_CXX_LANGUAGE_STANDARD = "gnu++17";
				CLANG_CXX_LIBRARY = "libc++";
				CLANG_ENABLE_MODULES = YES;
				CLANG_ENABLE_OBJC_ARC = YES;
				CLANG_ENABLE_OBJC_WEAK = YES;
				CLANG_WARN_BLOCK_CAPTURE_AUTORELEASING = YES;
				CLANG_WARN_BOOL_CONVERSION = YES;
				CLANG_WARN_COMMA = YES;
				CLANG_WARN_CONSTANT_CONVERSION = YES;
				CLANG_WARN_DEPRECATED_OBJC_IMPLEMENTATIONS = YES;
				CLANG_WARN_DIRECT_OBJC_ISA_USAGE = YES_ERROR;
				CLANG_WARN_DOCUMENTATION_COMMENTS = YES;
				CLANG_WARN_EMPTY_BODY = YES;
				CLANG_WARN_ENUM_CONVERSION = YES;
				CLANG_WARN_INFINITE_RECURSION = YES;
				CLANG_WARN_INT_CONVERSION = YES;
				CLANG_WARN_NON_LITERAL_NULL_CONVERSION = YES;
				CLANG_WARN_OBJC_IMPLICIT_RETAIN_SELF = YES;
				CLANG_WARN_OBJC_LITERAL_CONVERSION = YES;
				CLANG_WARN_OBJC_ROOT_CLASS = YES_ERROR;
				CLANG_WARN_QUOTED_INCLUDE_IN_FRAMEWORK_HEADER = YES;
				CLANG_WARN_RANGE_LOOP_ANALYSIS = YES;
				CLANG_WARN_STRICT_PROTOTYPES = YES;
				CLANG_WARN_SUSPICIOUS_MOVE = YES;
				CLANG_WARN_UNGUARDED_AVAILABILITY = YES_AGGRESSIVE;
				CLANG_WARN_UNREACHABLE_CODE = YES;
				CLANG_WARN__DUPLICATE_METHOD_MATCH = YES;
				COPY_PHASE_STRIP = NO;
				DEBUG_INFORMATION_FORMAT = "dwarf-with-dsym";
				ENABLE_NS_ASSERTIONS = NO;
				ENABLE_STRICT_OBJC_MSGSEND = YES;
				GCC_C_LANGUAGE_STANDARD = gnu11;
				GCC_NO_COMMON_BLOCKS = YES;
				GCC_WARN_64_TO_32_BIT_CONVERSION = YES;
				GCC_WARN_ABOUT_RETURN_TYPE = YES_ERROR;
				GCC_WARN_UNDECLARED_SELECTOR = YES;
				GCC_WARN_UNINITIALIZED_AUTOS = YES_AGGRESSIVE;
				GCC_WARN_UNUSED_FUNCTION = YES;
				GCC_WARN_UNUSED_VARIABLE = YES;
				IPHONEOS_DEPLOYMENT_TARGET = 15.0;
				MTL_ENABLE_DEBUG_INFO = NO;
				MTL_FAST_MATH = YES;
				SDKROOT = iphoneos;
				SWIFT_COMPILATION_MODE = wholemodule;
				SWIFT_OPTIMIZATION_LEVEL = "-O";
				VALIDATE_PRODUCT = YES;
			};
			name = Release;
		};
		D806A2B527DB02FE00BD0BA2 /* Debug */ = {
			isa = XCBuildConfiguration;
			buildSettings = {
				ASSETCATALOG_COMPILER_APPICON_NAME = AppIcon;
				ASSETCATALOG_COMPILER_GLOBAL_ACCENT_COLOR_NAME = AccentColor;
				CODE_SIGN_STYLE = Automatic;
				CURRENT_PROJECT_VERSION = 1;
				DEVELOPMENT_ASSET_PATHS = "\"UberClone(Map)/Preview Content\"";
				DEVELOPMENT_TEAM = 4ZM2XLD4MX;
				ENABLE_PREVIEWS = YES;
				GENERATE_INFOPLIST_FILE = YES;
				INFOPLIST_KEY_NSLocationAlwaysAndWhenInUseUsageDescription = "";
				INFOPLIST_KEY_NSLocationAlwaysUsageDescription = "";
				INFOPLIST_KEY_NSLocationUsageDescription = "";
				INFOPLIST_KEY_NSLocationWhenInUseUsageDescription = "";
				INFOPLIST_KEY_UIApplicationSceneManifest_Generation = YES;
				INFOPLIST_KEY_UIApplicationSupportsIndirectInputEvents = YES;
				INFOPLIST_KEY_UILaunchScreen_Generation = YES;
				INFOPLIST_KEY_UISupportedInterfaceOrientations_iPad = "UIInterfaceOrientationPortrait UIInterfaceOrientationPortraitUpsideDown UIInterfaceOrientationLandscapeLeft UIInterfaceOrientationLandscapeRight";
				INFOPLIST_KEY_UISupportedInterfaceOrientations_iPhone = "UIInterfaceOrientationPortrait UIInterfaceOrientationLandscapeLeft UIInterfaceOrientationLandscapeRight";
				IPHONEOS_DEPLOYMENT_TARGET = 14.0;
				LD_RUNPATH_SEARCH_PATHS = (
					"$(inherited)",
					"@executable_path/Frameworks",
				);
				MARKETING_VERSION = 1.0;
				PRODUCT_BUNDLE_IDENTIFIER = "com.Scorpio.UberClone-Map-";
				PRODUCT_NAME = "$(TARGET_NAME)";
				SWIFT_EMIT_LOC_STRINGS = YES;
				SWIFT_VERSION = 5.0;
				TARGETED_DEVICE_FAMILY = "1,2";
			};
			name = Debug;
		};
		D806A2B627DB02FE00BD0BA2 /* Release */ = {
			isa = XCBuildConfiguration;
			buildSettings = {
				ASSETCATALOG_COMPILER_APPICON_NAME = AppIcon;
				ASSETCATALOG_COMPILER_GLOBAL_ACCENT_COLOR_NAME = AccentColor;
				CODE_SIGN_STYLE = Automatic;
				CURRENT_PROJECT_VERSION = 1;
				DEVELOPMENT_ASSET_PATHS = "\"UberClone(Map)/Preview Content\"";
				DEVELOPMENT_TEAM = 4ZM2XLD4MX;
				ENABLE_PREVIEWS = YES;
				GENERATE_INFOPLIST_FILE = YES;
				INFOPLIST_KEY_NSLocationAlwaysAndWhenInUseUsageDescription = "";
				INFOPLIST_KEY_NSLocationAlwaysUsageDescription = "";
				INFOPLIST_KEY_NSLocationUsageDescription = "";
				INFOPLIST_KEY_NSLocationWhenInUseUsageDescription = "";
				INFOPLIST_KEY_UIApplicationSceneManifest_Generation = YES;
				INFOPLIST_KEY_UIApplicationSupportsIndirectInputEvents = YES;
				INFOPLIST_KEY_UILaunchScreen_Generation = YES;
				INFOPLIST_KEY_UISupportedInterfaceOrientations_iPad = "UIInterfaceOrientationPortrait UIInterfaceOrientationPortraitUpsideDown UIInterfaceOrientationLandscapeLeft UIInterfaceOrientationLandscapeRight";
				INFOPLIST_KEY_UISupportedInterfaceOrientations_iPhone = "UIInterfaceOrientationPortrait UIInterfaceOrientationLandscapeLeft UIInterfaceOrientationLandscapeRight";
				IPHONEOS_DEPLOYMENT_TARGET = 14.0;
				LD_RUNPATH_SEARCH_PATHS = (
					"$(inherited)",
					"@executable_path/Frameworks",
				);
				MARKETING_VERSION = 1.0;
				PRODUCT_BUNDLE_IDENTIFIER = "com.Scorpio.UberClone-Map-";
				PRODUCT_NAME = "$(TARGET_NAME)";
				SWIFT_EMIT_LOC_STRINGS = YES;
				SWIFT_VERSION = 5.0;
				TARGETED_DEVICE_FAMILY = "1,2";
			};
			name = Release;
		};
/* End XCBuildConfiguration section */

/* Begin XCConfigurationList section */
		D806A2A127DB02FC00BD0BA2 /* Build configuration list for PBXProject "UberClone(Map)" */ = {
			isa = XCConfigurationList;
			buildConfigurations = (
				D806A2B227DB02FE00BD0BA2 /* Debug */,
				D806A2B327DB02FE00BD0BA2 /* Release */,
			);
			defaultConfigurationIsVisible = 0;
			defaultConfigurationName = Release;
		};
		D806A2B427DB02FE00BD0BA2 /* Build configuration list for PBXNativeTarget "UberClone(Map)" */ = {
			isa = XCConfigurationList;
			buildConfigurations = (
				D806A2B527DB02FE00BD0BA2 /* Debug */,
				D806A2B627DB02FE00BD0BA2 /* Release */,
			);
			defaultConfigurationIsVisible = 0;
			defaultConfigurationName = Release;
		};
/* End XCConfigurationList section */
	};
	rootObject = D806A29E27DB02FC00BD0BA2 /* Project object */;
}
